name: Generate UV Lock

on:
  push:
    branches: [ main ]

jobs:
  lock:
    runs-on: ubuntu-latest

    steps:
      - uses: actions/checkout@v4

      - name: Setup Python
        uses: actions/setup-python@v5
        with:
          python-version: "3.10"

      - name: Install uv
        run: pip install uv

      - name: Generate lock file
        run: uv pip compile pyproject.toml -o uv.lock

      - name: Commit lock file
        run: |
          git config user.name "github-actions"
          git config user.email "actions@github.com"
          git add uv.lock
          git commit -m "auto-generate uv.lock" || echo "No changes"
          git push
